DEPENDENCIES
  php-box-core

GRAPH
  ama-docker-compose (0.1.2)
  apt (6.1.4)
  build-essential (8.0.4)
    mingw (>= 1.1)
    seven_zip (>= 0.0.0)
  composer (2.6.1)
    apt (>= 0.0.0)
    php (>= 0.0.0)
    windows (>= 0.0.0)
  docker (4.1.1)
  mingw (2.0.2)
    seven_zip (>= 0.0.0)
  mysql (8.5.1)
  php (5.0.0)
    build-essential (>= 0.0.0)
    yum-epel (>= 0.0.0)
  php-box-core (0.1.17)
    ama-docker-compose (>= 0.0.0)
    composer (>= 0.0.0)
    docker (>= 0.0.0)
    mysql (>= 0.0.0)
    php (>= 0.0.0)
    yum-mysql-community (>= 0.0.0)
  seven_zip (2.0.2)
    windows (>= 1.2.2)
  windows (4.0.1)
  yum-epel (3.1.0)
  yum-mysql-community (4.0.1)
